<?xml version="1.0" encoding="utf-8"?>
<Project ToolsVersion="4.0" xmlns="http://schemas.microsoft.com/developer/msbuild/2003">
  <ItemGroup>
    <Filter Include="Source Files">
      <UniqueIdentifier>{4FC737F1-C7A5-4376-A066-2A32D752A2FF}</UniqueIdentifier>
      <Extensions>cpp;c;cc;cxx;c++;cppm;ixx;def;odl;idl;hpj;bat;asm;asmx</Extensions>
    </Filter>
    <Filter Include="Header Files">
      <UniqueIdentifier>{93995380-89BD-4b04-88EB-625FBE52EBFB}</UniqueIdentifier>
      <Extensions>h;hh;hpp;hxx;h++;hm;inl;inc;ipp;xsd</Extensions>
    </Filter>
    <Filter Include="Resource Files">
      <UniqueIdentifier>{67DA6AB6-F800-4c08-8B7A-83BB121AAD01}</UniqueIdentifier>
      <Extensions>rc;ico;cur;bmp;dlg;rc2;rct;bin;rgs;gif;jpg;jpeg;jpe;resx;tiff;tif;png;wav;mfcribbon-ms</Extensions>
    </Filter>
    <Filter Include="Header Files\Tools">
      <UniqueIdentifier>{588d1d5a-d471-49e6-b8f4-1c034be3edd2}</UniqueIdentifier>
    </Filter>
    <Filter Include="Source Files\Tools">
      <UniqueIdentifier>{1acb1e14-7294-4914-a641-3200f79e7fe0}</UniqueIdentifier>
    </Filter>
    <Filter Include="Header Files\Modules">
      <UniqueIdentifier>{f14fbd10-8071-40fa-a381-734d37844428}</UniqueIdentifier>
    </Filter>
    <Filter Include="Source Files\Modules">
      <UniqueIdentifier>{be13144e-0910-4a18-b30a-293fe433b1f5}</UniqueIdentifier>
    </Filter>
    <Filter Include="Glad">
      <UniqueIdentifier>{b2e25764-9ca3-4540-ada3-10ee12722876}</UniqueIdentifier>
    </Filter>
    <Filter Include="Shaders">
      <UniqueIdentifier>{d5db6e7c-af86-4728-ae91-4f35ed640c2b}</UniqueIdentifier>
    </Filter>
    <Filter Include="Header Files\OCS">
      <UniqueIdentifier>{7f9312b9-4891-4de9-a3f9-ff51484f5d95}</UniqueIdentifier>
    </Filter>
    <Filter Include="Header Files\OCS\Components">
      <UniqueIdentifier>{d49faa1f-9221-48c3-b453-04f086f649d4}</UniqueIdentifier>
    </Filter>
    <Filter Include="Source Files\OCS">
      <UniqueIdentifier>{a74ceb53-fad9-427c-9445-cddd4fd6f105}</UniqueIdentifier>
    </Filter>
    <Filter Include="Source Files\OCS\Components">
      <UniqueIdentifier>{ba4f86ec-6c33-4ad8-9fd6-a77150bcc998}</UniqueIdentifier>
    </Filter>
    <Filter Include="Header Files\stb">
      <UniqueIdentifier>{53f07fe3-186e-4d76-8e56-42dbcb1807ae}</UniqueIdentifier>
    </Filter>
    <Filter Include="Source Files\stb">
      <UniqueIdentifier>{d792e4d5-6cd7-4fab-81e0-bdc184de1aa8}</UniqueIdentifier>
    </Filter>
  </ItemGroup>
  <ItemGroup>
    <ClCompile Include="src\main.cpp">
      <Filter>Source Files</Filter>
    </ClCompile>
    <ClCompile Include="src\app.cpp">
      <Filter>Source Files</Filter>
    </ClCompile>
    <ClCompile Include="src\utils.cpp">
      <Filter>Source Files\Tools</Filter>
    </ClCompile>
    <ClCompile Include="src\input.cpp">
      <Filter>Source Files\Modules</Filter>
    </ClCompile>
    <ClCompile Include="externals\glad\include\glad\glad.c">
      <Filter>Glad</Filter>
    </ClCompile>
    <ClCompile Include="src\camera.cpp">
      <Filter>Source Files\OCS\Components</Filter>
    </ClCompile>
    <ClCompile Include="src\mesh_render.cpp">
      <Filter>Source Files\OCS\Components</Filter>
    </ClCompile>
    <ClCompile Include="src\transform.cpp">
      <Filter>Source Files\OCS\Components</Filter>
    </ClCompile>
    <ClCompile Include="src\object.cpp">
      <Filter>Source Files\OCS</Filter>
    </ClCompile>
    <ClCompile Include="src\scene.cpp">
      <Filter>Source Files</Filter>
    </ClCompile>
    <ClCompile Include="src\resource_manager.cpp">
      <Filter>Source Files\Modules</Filter>
    </ClCompile>
    <ClCompile Include="src\buffer_management.cpp">
      <Filter>Source Files\Tools</Filter>
    </ClCompile>
    <ClCompile Include="externals\stb\stb.cpp">
      <Filter>Source Files\stb</Filter>
    </ClCompile>
    <ClCompile Include="src\behaviour.cpp">
      <Filter>Source Files\OCS\Components</Filter>
    </ClCompile>
  </ItemGroup>
  <ItemGroup>
    <ClInclude Include="src\app.h">
      <Filter>Header Files</Filter>
    </ClInclude>
    <ClInclude Include="src\utils.h">
      <Filter>Header Files\Tools</Filter>
    </ClInclude>
    <ClInclude Include="src\memleak.h">
      <Filter>Header Files\Tools</Filter>
    </ClInclude>
    <ClInclude Include="src\module.h">
      <Filter>Header Files\Modules</Filter>
    </ClInclude>
    <ClInclude Include="src\render.h">
      <Filter>Header Files\Modules</Filter>
    </ClInclude>
    <ClInclude Include="src\input.h">
      <Filter>Header Files\Modules</Filter>
    </ClInclude>
    <ClInclude Include="externals\glad\include\glad\glad.h">
      <Filter>Glad</Filter>
    </ClInclude>
    <ClInclude Include="externals\glad\include\glad\khrplatform.h">
      <Filter>Glad</Filter>
    </ClInclude>
    <ClInclude Include="src\object.h">
      <Filter>Header Files\OCS</Filter>
    </ClInclude>
    <ClInclude Include="src\component.h">
      <Filter>Header Files\OCS</Filter>
    </ClInclude>
    <ClInclude Include="src\mesh_render.h">
      <Filter>Header Files\OCS\Components</Filter>
    </ClInclude>
    <ClInclude Include="src\transform.h">
      <Filter>Header Files\OCS\Components</Filter>
    </ClInclude>
    <ClInclude Include="src\camera.h">
      <Filter>Header Files\OCS\Components</Filter>
    </ClInclude>
    <ClInclude Include="src\scene.h">
      <Filter>Header Files</Filter>
    </ClInclude>
    <ClInclude Include="src\resource_manager.h">
      <Filter>Header Files\Modules</Filter>
    </ClInclude>
    <ClInclude Include="src\resources.h">
      <Filter>Header Files\Tools</Filter>
    </ClInclude>
    <ClInclude Include="src\buffer_management.h">
      <Filter>Header Files\Tools</Filter>
    </ClInclude>
    <ClInclude Include="externals\stb\stb_image.h">
      <Filter>Header Files\stb</Filter>
    </ClInclude>
    <ClInclude Include="externals\stb\stb_image_write.h">
      <Filter>Header Files\stb</Filter>
    </ClInclude>
    <ClInclude Include="src\behaviour.h">
      <Filter>Header Files\OCS\Components</Filter>
    </ClInclude>
  </ItemGroup>
  <ItemGroup>
    <None Include="working_directory\shaders.glsl">
      <Filter>Shaders</Filter>
    </None>
  </ItemGroup>
</Project>